
Microsoft Visual Studio Solution File, Format Version 12.00
# Visual Studio Version 17
VisualStudioVersion = 17.0.31912.275
MinimumVisualStudioVersion = 10.0.40219.1
Project("{2150E333-8FDC-42A3-9474-1A3956D46DE8}") = "Library", "Library", "{94C9423D-4BD2-495A-8FDC-72974CC574A3}"
EndProject
Project("{2150E333-8FDC-42A3-9474-1A3956D46DE8}") = "Samples", "Samples", "{D8873A5D-0370-477A-BA72-9E6A0008A8BD}"
EndProject
Project("{2150E333-8FDC-42A3-9474-1A3956D46DE8}") = "Application.Layer", "Application.Layer", "{D2EDE3E8-30D0-46F3-8EB3-F1C8530DCF5C}"
EndProject
Project("{2150E333-8FDC-42A3-9474-1A3956D46DE8}") = "Infrastructure.Layer", "Infrastructure.Layer", "{C16168B8-2BD4-4596-B981-4A3F2703F614}"
EndProject
Project("{2150E333-8FDC-42A3-9474-1A3956D46DE8}") = "Domain.Layer", "Domain.Layer", "{BD6544C0-DE77-4CBB-825F-08B485161398}"
EndProject
Project("{2150E333-8FDC-42A3-9474-1A3956D46DE8}") = "Presentation.Layer", "Presentation.Layer", "{05AD202B-FF8D-404E-83E1-AA0F97A6F588}"
EndProject
Project("{2150E333-8FDC-42A3-9474-1A3956D46DE8}") = ".nuget", ".nuget", "{F724E0DE-FAE8-41E1-9166-DB48FCBFCD80}"
	ProjectSection(SolutionItems) = preProject
		.nuget\NuGet.Config = .nuget\NuGet.Config
		.nuget\NuGet.exe = .nuget\NuGet.exe
		.nuget\NuGet.targets = .nuget\NuGet.targets
	EndProjectSection
EndProject
Project("{9A19103F-16F7-4668-BE54-9A1E7A4F7556}") = "ECO", "src\ECO\Core\ECO\ECO.csproj", "{85D16E1A-39AC-48CF-8E36-9C4389812592}"
EndProject
Project("{9A19103F-16F7-4668-BE54-9A1E7A4F7556}") = "ECO.Providers.InMemory", "src\ECO\Core\ECO.Providers.InMemory\ECO.Providers.InMemory.csproj", "{7CE573FF-159F-49D9-97F8-26CC54C95DAC}"
EndProject
Project("{9A19103F-16F7-4668-BE54-9A1E7A4F7556}") = "ECO.Sample.Domain", "src\ECO.SampleApp\ECO.Sample.Domain\ECO.Sample.Domain.csproj", "{33C85129-92EE-4AE4-A841-5410CB9A8893}"
EndProject
Project("{9A19103F-16F7-4668-BE54-9A1E7A4F7556}") = "ECO.Sample.Infrastructure", "src\ECO.SampleApp\ECO.Sample.Infrastructure\ECO.Sample.Infrastructure.csproj", "{16FCC440-EE26-4DB3-A46E-AAF1058D36E2}"
EndProject
Project("{9A19103F-16F7-4668-BE54-9A1E7A4F7556}") = "ECO.Sample.Infrastructure.DAL.InMemory", "src\ECO.SampleApp\ECO.Sample.Infrastructure.DAL.InMemory\ECO.Sample.Infrastructure.DAL.InMemory.csproj", "{61194090-B9BF-4BD2-A710-32DBB5393170}"
EndProject
Project("{9A19103F-16F7-4668-BE54-9A1E7A4F7556}") = "ECO.Sample.Application", "src\ECO.SampleApp\ECO.Sample.Application\ECO.Sample.Application.csproj", "{E8826335-23C7-4F86-B94E-4B810452960F}"
EndProject
Project("{9A19103F-16F7-4668-BE54-9A1E7A4F7556}") = "ECO.Sample.Presentation", "src\ECO.SampleApp\ECO.Sample.Presentation\ECO.Sample.Presentation.csproj", "{D871653B-4716-4B63-A72E-9C1FDA8DE87B}"
EndProject
Project("{9A19103F-16F7-4668-BE54-9A1E7A4F7556}") = "ECO.Providers.EntityFramework", "src\ECO\Core\ECO.Providers.EntityFramework\ECO.Providers.EntityFramework.csproj", "{AB34138D-8F25-4424-9483-DAA7DD572FCD}"
EndProject
Project("{9A19103F-16F7-4668-BE54-9A1E7A4F7556}") = "ECO.Sample.Infrastructure.DAL.EntityFramework", "src\ECO.SampleApp\ECO.Sample.Infrastructure.DAL.EntityFramework\ECO.Sample.Infrastructure.DAL.EntityFramework.csproj", "{7142EBC4-2C32-46F9-AC69-9040F6D66F1E}"
EndProject
Project("{9A19103F-16F7-4668-BE54-9A1E7A4F7556}") = "ECO.Providers.NHibernate", "src\ECO\Core\ECO.Providers.NHibernate\ECO.Providers.NHibernate.csproj", "{BD396E1B-C50E-48D0-9EB3-F0EFF531774D}"
EndProject
Project("{9A19103F-16F7-4668-BE54-9A1E7A4F7556}") = "ECO.Sample.Infrastructure.DAL.NHibernate", "src\ECO.SampleApp\ECO.Sample.Infrastructure.DAL.NHibernate\ECO.Sample.Infrastructure.DAL.NHibernate.csproj", "{D30B2AD9-928A-470C-9ACB-0258F324264E}"
EndProject
Project("{2150E333-8FDC-42A3-9474-1A3956D46DE8}") = "Extensions", "Extensions", "{056FE36F-6278-415F-B188-718CBEFEFFA1}"
EndProject
Project("{2150E333-8FDC-42A3-9474-1A3956D46DE8}") = "ECO.Sample.App", "ECO.Sample.App", "{103E6721-486F-40FF-957B-008357F2426E}"
EndProject
Project("{2150E333-8FDC-42A3-9474-1A3956D46DE8}") = "_Files", "_Files", "{8D966FE3-92CF-4C50-A7C1-2B1AD2E98D0C}"
	ProjectSection(SolutionItems) = preProject
		src\ECO.SampleApp\Directory.Build.props = src\ECO.SampleApp\Directory.Build.props
	EndProjectSection
EndProject
Project("{2150E333-8FDC-42A3-9474-1A3956D46DE8}") = "SQLServer", "SQLServer", "{C0914925-C762-4FDA-BFA0-F78C597232BA}"
	ProjectSection(SolutionItems) = preProject
		src\ECO.SampleApp\_Files\SQLServer\01_Create_Database.sql = src\ECO.SampleApp\_Files\SQLServer\01_Create_Database.sql
	EndProjectSection
EndProject
Project("{2150E333-8FDC-42A3-9474-1A3956D46DE8}") = "Tests", "Tests", "{D0C97673-5035-4ADF-92D5-386C3AF7C07E}"
EndProject
Project("{9A19103F-16F7-4668-BE54-9A1E7A4F7556}") = "ECO.UnitTests", "src\ECO.Tests\Core\ECO.UnitTests\ECO.UnitTests.csproj", "{2E9EC597-A7EB-43DA-B66E-499F0C4DD526}"
EndProject
Project("{2150E333-8FDC-42A3-9474-1A3956D46DE8}") = "Library", "Library", "{4B130EC4-28DE-49DE-AD54-6A6DE4F6A52B}"
EndProject
Project("{9A19103F-16F7-4668-BE54-9A1E7A4F7556}") = "ECO.Integrations.Microsoft.DependencyInjection", "src\ECO\Core\ECO.Integrations.Microsoft.DependencyInjection\ECO.Integrations.Microsoft.DependencyInjection.csproj", "{092F0853-C157-4BB4-BE75-BF48D6F7D421}"
EndProject
Project("{9A19103F-16F7-4668-BE54-9A1E7A4F7556}") = "ECO.Providers.MongoDB", "src\ECO\Core\ECO.Providers.MongoDB\ECO.Providers.MongoDB.csproj", "{7D0AD4DB-D6B7-4A3D-8169-EE4A2D720196}"
EndProject
Project("{9A19103F-16F7-4668-BE54-9A1E7A4F7556}") = "ECO.Sample.Infrastructure.DAL.MongoDB", "src\ECO.SampleApp\ECO.Sample.Infrastructure.DAL.MongoDB\ECO.Sample.Infrastructure.DAL.MongoDB.csproj", "{236C7061-45D8-499A-B166-780CEF2BDA6A}"
EndProject
Project("{2150E333-8FDC-42A3-9474-1A3956D46DE8}") = "PostgreSQL", "PostgreSQL", "{8B23EA32-C595-485A-9908-E2BE757EB7C2}"
	ProjectSection(SolutionItems) = preProject
		src\ECO.SampleApp\_Files\PostgreSQL\01_Create_Database.sql = src\ECO.SampleApp\_Files\PostgreSQL\01_Create_Database.sql
	EndProjectSection
EndProject
Project("{9A19103F-16F7-4668-BE54-9A1E7A4F7556}") = "ECO.EventSourcing", "src\ECO\Core\ECO.EventSourcing\ECO.EventSourcing.csproj", "{DA98FEB4-D44F-4331-ABC3-75AC1AC85193}"
EndProject
Project("{9A19103F-16F7-4668-BE54-9A1E7A4F7556}") = "ECO.Providers.Marten", "src\ECO\Core\ECO.Providers.Marten\ECO.Providers.Marten.csproj", "{F3E688BD-E10C-47FF-B1BE-165B7CDD5D9D}"
EndProject
Project("{9A19103F-16F7-4668-BE54-9A1E7A4F7556}") = "ECO.Sample.Infrastructure.DAL.Marten", "src\ECO.SampleApp\ECO.Sample.Infrastructure.DAL.Marten\ECO.Sample.Infrastructure.DAL.Marten.csproj", "{11265BBA-BD7B-437B-835E-242530060EB1}"
EndProject
Project("{2150E333-8FDC-42A3-9474-1A3956D46DE8}") = "ECO.Sample.EventSourcing", "ECO.Sample.EventSourcing", "{3EFD57DB-DA05-46D2-A6D4-EC0C1C33E4F6}"
EndProject
Project("{2150E333-8FDC-42A3-9474-1A3956D46DE8}") = "Domain.Layer", "Domain.Layer", "{CA9F7F7B-FBB3-4E80-B2AA-B346593E774C}"
EndProject
Project("{9A19103F-16F7-4668-BE54-9A1E7A4F7556}") = "ECO.Sample.EventSourcing.Domain", "src\ECO.Sample.EventSourcing\ECO.Sample.EventSourcing.Domain\ECO.Sample.EventSourcing.Domain.csproj", "{00EC6497-D73A-43F1-BD82-23CE587D0FF6}"
EndProject
Project("{2150E333-8FDC-42A3-9474-1A3956D46DE8}") = "Infrastructure.Layer", "Infrastructure.Layer", "{47710F90-5375-4FEA-A0D0-3B5453CDE540}"
EndProject
Project("{2150E333-8FDC-42A3-9474-1A3956D46DE8}") = "Presentation.Layer", "Presentation.Layer", "{74E8AC64-B775-441B-9921-CE5820D7C314}"
EndProject
Project("{9A19103F-16F7-4668-BE54-9A1E7A4F7556}") = "ECO.Sample.EventSourcing.Console", "src\ECO.Sample.EventSourcing\ECO.Sample.EventSourcing.Console\ECO.Sample.EventSourcing.Console.csproj", "{25417C41-A70A-41DA-8349-4FC79976154C}"
EndProject
Project("{9A19103F-16F7-4668-BE54-9A1E7A4F7556}") = "ECO.Sample.EventSourcing.Infrastructure.Marten", "src\ECO.Sample.EventSourcing\ECO.Sample.EventSourcing.Infrastructure.Marten\ECO.Sample.EventSourcing.Infrastructure.Marten.csproj", "{D148D682-0251-4950-B53E-058E4B54F381}"
EndProject
Project("{2150E333-8FDC-42A3-9474-1A3956D46DE8}") = "Core", "Core", "{CC8FBE3F-A896-462E-8C0D-E3DA3F5B3D90}"
EndProject
Project("{2150E333-8FDC-42A3-9474-1A3956D46DE8}") = "_Files", "_Files", "{91E1E880-C5EF-43BA-A633-4EDC6118456E}"
	ProjectSection(SolutionItems) = preProject
		src\ECO\Core\Directory.Build.props = src\ECO\Core\Directory.Build.props
	EndProjectSection
EndProject
Project("{9A19103F-16F7-4668-BE54-9A1E7A4F7556}") = "ECO.Integrations.Moq", "src\ECO\Core\ECO.Integrations.Moq\ECO.Integrations.Moq.csproj", "{5907335F-0E36-4962-B7F2-DDF763C93263}"
EndProject
Project("{9A19103F-16F7-4668-BE54-9A1E7A4F7556}") = "ECO.Integrations.HotChocolate", "src\ECO\Core\ECO.Integrations.HotChocolate\ECO.Integrations.HotChocolate.csproj", "{FDB20DB1-261F-4989-A7B4-45993CD6077B}"
EndProject
Project("{9A19103F-16F7-4668-BE54-9A1E7A4F7556}") = "ECO.DomainEvents", "src\ECO\Core\ECO.DomainEvents\ECO.DomainEvents.csproj", "{2AF44CC7-DEAD-4DAA-9C40-B643D4FBF8F8}"
EndProject
Project("{2150E333-8FDC-42A3-9474-1A3956D46DE8}") = "Marten", "Marten", "{2524F070-2FAB-4E65-B516-3C532BC144B7}"
	ProjectSection(SolutionItems) = preProject
		src\ECO.SampleApp\_Files\Marten\01_Create_Database.sql = src\ECO.SampleApp\_Files\Marten\01_Create_Database.sql
	EndProjectSection
EndProject
Project("{2150E333-8FDC-42A3-9474-1A3956D46DE8}") = "_Files", "_Files", "{9C219FF4-25D0-C397-8EFD-A5EDD4901A5E}"
	ProjectSection(SolutionItems) = preProject
		src\ECO.Sample.EventSourcing\_Files\01_Create_Database.sql = src\ECO.Sample.EventSourcing\_Files\01_Create_Database.sql
	EndProjectSection
EndProject
Project("{FAE04EC0-301F-11D3-BF4B-00C04F79EFBC}") = "ECO.DomainEvents.UnitTests", "src\ECO.Tests\Core\ECO.DomainEvents.UnitTests\ECO.DomainEvents.UnitTests.csproj", "{8E282296-ADEE-4DC8-B6D7-4B6A5549C833}"
EndProject
Project("{FAE04EC0-301F-11D3-BF4B-00C04F79EFBC}") = "ECO.EventSourcing.UnitTests", "src\ECO.Tests\Core\ECO.EventSourcing.UnitTests\ECO.EventSourcing.UnitTests.csproj", "{BC6B3C07-5E6C-44D5-9EC8-E9CF5D96BC7F}"
EndProject
Global
	GlobalSection(SolutionConfigurationPlatforms) = preSolution
		Debug|Any CPU = Debug|Any CPU
		Debug|x64 = Debug|x64
		Debug|x86 = Debug|x86
		Release|Any CPU = Release|Any CPU
		Release|x64 = Release|x64
		Release|x86 = Release|x86
	EndGlobalSection
	GlobalSection(ProjectConfigurationPlatforms) = postSolution
		{85D16E1A-39AC-48CF-8E36-9C4389812592}.Debug|Any CPU.ActiveCfg = Debug|Any CPU
		{85D16E1A-39AC-48CF-8E36-9C4389812592}.Debug|Any CPU.Build.0 = Debug|Any CPU
		{85D16E1A-39AC-48CF-8E36-9C4389812592}.Debug|x64.ActiveCfg = Debug|Any CPU
		{85D16E1A-39AC-48CF-8E36-9C4389812592}.Debug|x64.Build.0 = Debug|Any CPU
		{85D16E1A-39AC-48CF-8E36-9C4389812592}.Debug|x86.ActiveCfg = Debug|Any CPU
		{85D16E1A-39AC-48CF-8E36-9C4389812592}.Debug|x86.Build.0 = Debug|Any CPU
		{85D16E1A-39AC-48CF-8E36-9C4389812592}.Release|Any CPU.ActiveCfg = Release|Any CPU
		{85D16E1A-39AC-48CF-8E36-9C4389812592}.Release|Any CPU.Build.0 = Release|Any CPU
		{85D16E1A-39AC-48CF-8E36-9C4389812592}.Release|x64.ActiveCfg = Release|Any CPU
		{85D16E1A-39AC-48CF-8E36-9C4389812592}.Release|x64.Build.0 = Release|Any CPU
		{85D16E1A-39AC-48CF-8E36-9C4389812592}.Release|x86.ActiveCfg = Release|Any CPU
		{85D16E1A-39AC-48CF-8E36-9C4389812592}.Release|x86.Build.0 = Release|Any CPU
		{7CE573FF-159F-49D9-97F8-26CC54C95DAC}.Debug|Any CPU.ActiveCfg = Debug|Any CPU
		{7CE573FF-159F-49D9-97F8-26CC54C95DAC}.Debug|Any CPU.Build.0 = Debug|Any CPU
		{7CE573FF-159F-49D9-97F8-26CC54C95DAC}.Debug|x64.ActiveCfg = Debug|Any CPU
		{7CE573FF-159F-49D9-97F8-26CC54C95DAC}.Debug|x64.Build.0 = Debug|Any CPU
		{7CE573FF-159F-49D9-97F8-26CC54C95DAC}.Debug|x86.ActiveCfg = Debug|Any CPU
		{7CE573FF-159F-49D9-97F8-26CC54C95DAC}.Debug|x86.Build.0 = Debug|Any CPU
		{7CE573FF-159F-49D9-97F8-26CC54C95DAC}.Release|Any CPU.ActiveCfg = Release|Any CPU
		{7CE573FF-159F-49D9-97F8-26CC54C95DAC}.Release|Any CPU.Build.0 = Release|Any CPU
		{7CE573FF-159F-49D9-97F8-26CC54C95DAC}.Release|x64.ActiveCfg = Release|Any CPU
		{7CE573FF-159F-49D9-97F8-26CC54C95DAC}.Release|x64.Build.0 = Release|Any CPU
		{7CE573FF-159F-49D9-97F8-26CC54C95DAC}.Release|x86.ActiveCfg = Release|Any CPU
		{7CE573FF-159F-49D9-97F8-26CC54C95DAC}.Release|x86.Build.0 = Release|Any CPU
		{33C85129-92EE-4AE4-A841-5410CB9A8893}.Debug|Any CPU.ActiveCfg = Debug|Any CPU
		{33C85129-92EE-4AE4-A841-5410CB9A8893}.Debug|Any CPU.Build.0 = Debug|Any CPU
		{33C85129-92EE-4AE4-A841-5410CB9A8893}.Debug|x64.ActiveCfg = Debug|Any CPU
		{33C85129-92EE-4AE4-A841-5410CB9A8893}.Debug|x64.Build.0 = Debug|Any CPU
		{33C85129-92EE-4AE4-A841-5410CB9A8893}.Debug|x86.ActiveCfg = Debug|Any CPU
		{33C85129-92EE-4AE4-A841-5410CB9A8893}.Debug|x86.Build.0 = Debug|Any CPU
		{33C85129-92EE-4AE4-A841-5410CB9A8893}.Release|Any CPU.ActiveCfg = Release|Any CPU
		{33C85129-92EE-4AE4-A841-5410CB9A8893}.Release|Any CPU.Build.0 = Release|Any CPU
		{33C85129-92EE-4AE4-A841-5410CB9A8893}.Release|x64.ActiveCfg = Release|Any CPU
		{33C85129-92EE-4AE4-A841-5410CB9A8893}.Release|x64.Build.0 = Release|Any CPU
		{33C85129-92EE-4AE4-A841-5410CB9A8893}.Release|x86.ActiveCfg = Release|Any CPU
		{33C85129-92EE-4AE4-A841-5410CB9A8893}.Release|x86.Build.0 = Release|Any CPU
		{16FCC440-EE26-4DB3-A46E-AAF1058D36E2}.Debug|Any CPU.ActiveCfg = Debug|Any CPU
		{16FCC440-EE26-4DB3-A46E-AAF1058D36E2}.Debug|Any CPU.Build.0 = Debug|Any CPU
		{16FCC440-EE26-4DB3-A46E-AAF1058D36E2}.Debug|x64.ActiveCfg = Debug|Any CPU
		{16FCC440-EE26-4DB3-A46E-AAF1058D36E2}.Debug|x64.Build.0 = Debug|Any CPU
		{16FCC440-EE26-4DB3-A46E-AAF1058D36E2}.Debug|x86.ActiveCfg = Debug|Any CPU
		{16FCC440-EE26-4DB3-A46E-AAF1058D36E2}.Debug|x86.Build.0 = Debug|Any CPU
		{16FCC440-EE26-4DB3-A46E-AAF1058D36E2}.Release|Any CPU.ActiveCfg = Release|Any CPU
		{16FCC440-EE26-4DB3-A46E-AAF1058D36E2}.Release|Any CPU.Build.0 = Release|Any CPU
		{16FCC440-EE26-4DB3-A46E-AAF1058D36E2}.Release|x64.ActiveCfg = Release|Any CPU
		{16FCC440-EE26-4DB3-A46E-AAF1058D36E2}.Release|x64.Build.0 = Release|Any CPU
		{16FCC440-EE26-4DB3-A46E-AAF1058D36E2}.Release|x86.ActiveCfg = Release|Any CPU
		{16FCC440-EE26-4DB3-A46E-AAF1058D36E2}.Release|x86.Build.0 = Release|Any CPU
		{61194090-B9BF-4BD2-A710-32DBB5393170}.Debug|Any CPU.ActiveCfg = Debug|Any CPU
		{61194090-B9BF-4BD2-A710-32DBB5393170}.Debug|Any CPU.Build.0 = Debug|Any CPU
		{61194090-B9BF-4BD2-A710-32DBB5393170}.Debug|x64.ActiveCfg = Debug|Any CPU
		{61194090-B9BF-4BD2-A710-32DBB5393170}.Debug|x64.Build.0 = Debug|Any CPU
		{61194090-B9BF-4BD2-A710-32DBB5393170}.Debug|x86.ActiveCfg = Debug|Any CPU
		{61194090-B9BF-4BD2-A710-32DBB5393170}.Debug|x86.Build.0 = Debug|Any CPU
		{61194090-B9BF-4BD2-A710-32DBB5393170}.Release|Any CPU.ActiveCfg = Release|Any CPU
		{61194090-B9BF-4BD2-A710-32DBB5393170}.Release|Any CPU.Build.0 = Release|Any CPU
		{61194090-B9BF-4BD2-A710-32DBB5393170}.Release|x64.ActiveCfg = Release|Any CPU
		{61194090-B9BF-4BD2-A710-32DBB5393170}.Release|x64.Build.0 = Release|Any CPU
		{61194090-B9BF-4BD2-A710-32DBB5393170}.Release|x86.ActiveCfg = Release|Any CPU
		{61194090-B9BF-4BD2-A710-32DBB5393170}.Release|x86.Build.0 = Release|Any CPU
		{E8826335-23C7-4F86-B94E-4B810452960F}.Debug|Any CPU.ActiveCfg = Debug|Any CPU
		{E8826335-23C7-4F86-B94E-4B810452960F}.Debug|Any CPU.Build.0 = Debug|Any CPU
		{E8826335-23C7-4F86-B94E-4B810452960F}.Debug|x64.ActiveCfg = Debug|Any CPU
		{E8826335-23C7-4F86-B94E-4B810452960F}.Debug|x64.Build.0 = Debug|Any CPU
		{E8826335-23C7-4F86-B94E-4B810452960F}.Debug|x86.ActiveCfg = Debug|Any CPU
		{E8826335-23C7-4F86-B94E-4B810452960F}.Debug|x86.Build.0 = Debug|Any CPU
		{E8826335-23C7-4F86-B94E-4B810452960F}.Release|Any CPU.ActiveCfg = Release|Any CPU
		{E8826335-23C7-4F86-B94E-4B810452960F}.Release|Any CPU.Build.0 = Release|Any CPU
		{E8826335-23C7-4F86-B94E-4B810452960F}.Release|x64.ActiveCfg = Release|Any CPU
		{E8826335-23C7-4F86-B94E-4B810452960F}.Release|x64.Build.0 = Release|Any CPU
		{E8826335-23C7-4F86-B94E-4B810452960F}.Release|x86.ActiveCfg = Release|Any CPU
		{E8826335-23C7-4F86-B94E-4B810452960F}.Release|x86.Build.0 = Release|Any CPU
		{D871653B-4716-4B63-A72E-9C1FDA8DE87B}.Debug|Any CPU.ActiveCfg = Debug|Any CPU
		{D871653B-4716-4B63-A72E-9C1FDA8DE87B}.Debug|Any CPU.Build.0 = Debug|Any CPU
		{D871653B-4716-4B63-A72E-9C1FDA8DE87B}.Debug|x64.ActiveCfg = Debug|Any CPU
		{D871653B-4716-4B63-A72E-9C1FDA8DE87B}.Debug|x64.Build.0 = Debug|Any CPU
		{D871653B-4716-4B63-A72E-9C1FDA8DE87B}.Debug|x86.ActiveCfg = Debug|Any CPU
		{D871653B-4716-4B63-A72E-9C1FDA8DE87B}.Debug|x86.Build.0 = Debug|Any CPU
		{D871653B-4716-4B63-A72E-9C1FDA8DE87B}.Release|Any CPU.ActiveCfg = Release|Any CPU
		{D871653B-4716-4B63-A72E-9C1FDA8DE87B}.Release|Any CPU.Build.0 = Release|Any CPU
		{D871653B-4716-4B63-A72E-9C1FDA8DE87B}.Release|x64.ActiveCfg = Release|Any CPU
		{D871653B-4716-4B63-A72E-9C1FDA8DE87B}.Release|x64.Build.0 = Release|Any CPU
		{D871653B-4716-4B63-A72E-9C1FDA8DE87B}.Release|x86.ActiveCfg = Release|Any CPU
		{D871653B-4716-4B63-A72E-9C1FDA8DE87B}.Release|x86.Build.0 = Release|Any CPU
		{AB34138D-8F25-4424-9483-DAA7DD572FCD}.Debug|Any CPU.ActiveCfg = Debug|Any CPU
		{AB34138D-8F25-4424-9483-DAA7DD572FCD}.Debug|Any CPU.Build.0 = Debug|Any CPU
		{AB34138D-8F25-4424-9483-DAA7DD572FCD}.Debug|x64.ActiveCfg = Debug|Any CPU
		{AB34138D-8F25-4424-9483-DAA7DD572FCD}.Debug|x64.Build.0 = Debug|Any CPU
		{AB34138D-8F25-4424-9483-DAA7DD572FCD}.Debug|x86.ActiveCfg = Debug|Any CPU
		{AB34138D-8F25-4424-9483-DAA7DD572FCD}.Debug|x86.Build.0 = Debug|Any CPU
		{AB34138D-8F25-4424-9483-DAA7DD572FCD}.Release|Any CPU.ActiveCfg = Release|Any CPU
		{AB34138D-8F25-4424-9483-DAA7DD572FCD}.Release|Any CPU.Build.0 = Release|Any CPU
		{AB34138D-8F25-4424-9483-DAA7DD572FCD}.Release|x64.ActiveCfg = Release|Any CPU
		{AB34138D-8F25-4424-9483-DAA7DD572FCD}.Release|x64.Build.0 = Release|Any CPU
		{AB34138D-8F25-4424-9483-DAA7DD572FCD}.Release|x86.ActiveCfg = Release|Any CPU
		{AB34138D-8F25-4424-9483-DAA7DD572FCD}.Release|x86.Build.0 = Release|Any CPU
		{7142EBC4-2C32-46F9-AC69-9040F6D66F1E}.Debug|Any CPU.ActiveCfg = Debug|Any CPU
		{7142EBC4-2C32-46F9-AC69-9040F6D66F1E}.Debug|Any CPU.Build.0 = Debug|Any CPU
		{7142EBC4-2C32-46F9-AC69-9040F6D66F1E}.Debug|x64.ActiveCfg = Debug|Any CPU
		{7142EBC4-2C32-46F9-AC69-9040F6D66F1E}.Debug|x64.Build.0 = Debug|Any CPU
		{7142EBC4-2C32-46F9-AC69-9040F6D66F1E}.Debug|x86.ActiveCfg = Debug|Any CPU
		{7142EBC4-2C32-46F9-AC69-9040F6D66F1E}.Debug|x86.Build.0 = Debug|Any CPU
		{7142EBC4-2C32-46F9-AC69-9040F6D66F1E}.Release|Any CPU.ActiveCfg = Release|Any CPU
		{7142EBC4-2C32-46F9-AC69-9040F6D66F1E}.Release|Any CPU.Build.0 = Release|Any CPU
		{7142EBC4-2C32-46F9-AC69-9040F6D66F1E}.Release|x64.ActiveCfg = Release|Any CPU
		{7142EBC4-2C32-46F9-AC69-9040F6D66F1E}.Release|x64.Build.0 = Release|Any CPU
		{7142EBC4-2C32-46F9-AC69-9040F6D66F1E}.Release|x86.ActiveCfg = Release|Any CPU
		{7142EBC4-2C32-46F9-AC69-9040F6D66F1E}.Release|x86.Build.0 = Release|Any CPU
		{BD396E1B-C50E-48D0-9EB3-F0EFF531774D}.Debug|Any CPU.ActiveCfg = Debug|Any CPU
		{BD396E1B-C50E-48D0-9EB3-F0EFF531774D}.Debug|Any CPU.Build.0 = Debug|Any CPU
		{BD396E1B-C50E-48D0-9EB3-F0EFF531774D}.Debug|x64.ActiveCfg = Debug|Any CPU
		{BD396E1B-C50E-48D0-9EB3-F0EFF531774D}.Debug|x64.Build.0 = Debug|Any CPU
		{BD396E1B-C50E-48D0-9EB3-F0EFF531774D}.Debug|x86.ActiveCfg = Debug|Any CPU
		{BD396E1B-C50E-48D0-9EB3-F0EFF531774D}.Debug|x86.Build.0 = Debug|Any CPU
		{BD396E1B-C50E-48D0-9EB3-F0EFF531774D}.Release|Any CPU.ActiveCfg = Release|Any CPU
		{BD396E1B-C50E-48D0-9EB3-F0EFF531774D}.Release|Any CPU.Build.0 = Release|Any CPU
		{BD396E1B-C50E-48D0-9EB3-F0EFF531774D}.Release|x64.ActiveCfg = Release|Any CPU
		{BD396E1B-C50E-48D0-9EB3-F0EFF531774D}.Release|x64.Build.0 = Release|Any CPU
		{BD396E1B-C50E-48D0-9EB3-F0EFF531774D}.Release|x86.ActiveCfg = Release|Any CPU
		{BD396E1B-C50E-48D0-9EB3-F0EFF531774D}.Release|x86.Build.0 = Release|Any CPU
		{D30B2AD9-928A-470C-9ACB-0258F324264E}.Debug|Any CPU.ActiveCfg = Debug|Any CPU
		{D30B2AD9-928A-470C-9ACB-0258F324264E}.Debug|Any CPU.Build.0 = Debug|Any CPU
		{D30B2AD9-928A-470C-9ACB-0258F324264E}.Debug|x64.ActiveCfg = Debug|Any CPU
		{D30B2AD9-928A-470C-9ACB-0258F324264E}.Debug|x64.Build.0 = Debug|Any CPU
		{D30B2AD9-928A-470C-9ACB-0258F324264E}.Debug|x86.ActiveCfg = Debug|Any CPU
		{D30B2AD9-928A-470C-9ACB-0258F324264E}.Debug|x86.Build.0 = Debug|Any CPU
		{D30B2AD9-928A-470C-9ACB-0258F324264E}.Release|Any CPU.ActiveCfg = Release|Any CPU
		{D30B2AD9-928A-470C-9ACB-0258F324264E}.Release|Any CPU.Build.0 = Release|Any CPU
		{D30B2AD9-928A-470C-9ACB-0258F324264E}.Release|x64.ActiveCfg = Release|Any CPU
		{D30B2AD9-928A-470C-9ACB-0258F324264E}.Release|x64.Build.0 = Release|Any CPU
		{D30B2AD9-928A-470C-9ACB-0258F324264E}.Release|x86.ActiveCfg = Release|Any CPU
		{D30B2AD9-928A-470C-9ACB-0258F324264E}.Release|x86.Build.0 = Release|Any CPU
		{2E9EC597-A7EB-43DA-B66E-499F0C4DD526}.Debug|Any CPU.ActiveCfg = Debug|Any CPU
		{2E9EC597-A7EB-43DA-B66E-499F0C4DD526}.Debug|Any CPU.Build.0 = Debug|Any CPU
		{2E9EC597-A7EB-43DA-B66E-499F0C4DD526}.Debug|x64.ActiveCfg = Debug|Any CPU
		{2E9EC597-A7EB-43DA-B66E-499F0C4DD526}.Debug|x64.Build.0 = Debug|Any CPU
		{2E9EC597-A7EB-43DA-B66E-499F0C4DD526}.Debug|x86.ActiveCfg = Debug|Any CPU
		{2E9EC597-A7EB-43DA-B66E-499F0C4DD526}.Debug|x86.Build.0 = Debug|Any CPU
		{2E9EC597-A7EB-43DA-B66E-499F0C4DD526}.Release|Any CPU.ActiveCfg = Release|Any CPU
		{2E9EC597-A7EB-43DA-B66E-499F0C4DD526}.Release|Any CPU.Build.0 = Release|Any CPU
		{2E9EC597-A7EB-43DA-B66E-499F0C4DD526}.Release|x64.ActiveCfg = Release|Any CPU
		{2E9EC597-A7EB-43DA-B66E-499F0C4DD526}.Release|x64.Build.0 = Release|Any CPU
		{2E9EC597-A7EB-43DA-B66E-499F0C4DD526}.Release|x86.ActiveCfg = Release|Any CPU
		{2E9EC597-A7EB-43DA-B66E-499F0C4DD526}.Release|x86.Build.0 = Release|Any CPU
		{092F0853-C157-4BB4-BE75-BF48D6F7D421}.Debug|Any CPU.ActiveCfg = Debug|Any CPU
		{092F0853-C157-4BB4-BE75-BF48D6F7D421}.Debug|Any CPU.Build.0 = Debug|Any CPU
		{092F0853-C157-4BB4-BE75-BF48D6F7D421}.Debug|x64.ActiveCfg = Debug|Any CPU
		{092F0853-C157-4BB4-BE75-BF48D6F7D421}.Debug|x64.Build.0 = Debug|Any CPU
		{092F0853-C157-4BB4-BE75-BF48D6F7D421}.Debug|x86.ActiveCfg = Debug|Any CPU
		{092F0853-C157-4BB4-BE75-BF48D6F7D421}.Debug|x86.Build.0 = Debug|Any CPU
		{092F0853-C157-4BB4-BE75-BF48D6F7D421}.Release|Any CPU.ActiveCfg = Release|Any CPU
		{092F0853-C157-4BB4-BE75-BF48D6F7D421}.Release|Any CPU.Build.0 = Release|Any CPU
		{092F0853-C157-4BB4-BE75-BF48D6F7D421}.Release|x64.ActiveCfg = Release|Any CPU
		{092F0853-C157-4BB4-BE75-BF48D6F7D421}.Release|x64.Build.0 = Release|Any CPU
		{092F0853-C157-4BB4-BE75-BF48D6F7D421}.Release|x86.ActiveCfg = Release|Any CPU
		{092F0853-C157-4BB4-BE75-BF48D6F7D421}.Release|x86.Build.0 = Release|Any CPU
		{7D0AD4DB-D6B7-4A3D-8169-EE4A2D720196}.Debug|Any CPU.ActiveCfg = Debug|Any CPU
		{7D0AD4DB-D6B7-4A3D-8169-EE4A2D720196}.Debug|Any CPU.Build.0 = Debug|Any CPU
		{7D0AD4DB-D6B7-4A3D-8169-EE4A2D720196}.Debug|x64.ActiveCfg = Debug|Any CPU
		{7D0AD4DB-D6B7-4A3D-8169-EE4A2D720196}.Debug|x64.Build.0 = Debug|Any CPU
		{7D0AD4DB-D6B7-4A3D-8169-EE4A2D720196}.Debug|x86.ActiveCfg = Debug|Any CPU
		{7D0AD4DB-D6B7-4A3D-8169-EE4A2D720196}.Debug|x86.Build.0 = Debug|Any CPU
		{7D0AD4DB-D6B7-4A3D-8169-EE4A2D720196}.Release|Any CPU.ActiveCfg = Release|Any CPU
		{7D0AD4DB-D6B7-4A3D-8169-EE4A2D720196}.Release|Any CPU.Build.0 = Release|Any CPU
		{7D0AD4DB-D6B7-4A3D-8169-EE4A2D720196}.Release|x64.ActiveCfg = Release|Any CPU
		{7D0AD4DB-D6B7-4A3D-8169-EE4A2D720196}.Release|x64.Build.0 = Release|Any CPU
		{7D0AD4DB-D6B7-4A3D-8169-EE4A2D720196}.Release|x86.ActiveCfg = Release|Any CPU
		{7D0AD4DB-D6B7-4A3D-8169-EE4A2D720196}.Release|x86.Build.0 = Release|Any CPU
		{236C7061-45D8-499A-B166-780CEF2BDA6A}.Debug|Any CPU.ActiveCfg = Debug|Any CPU
		{236C7061-45D8-499A-B166-780CEF2BDA6A}.Debug|Any CPU.Build.0 = Debug|Any CPU
		{236C7061-45D8-499A-B166-780CEF2BDA6A}.Debug|x64.ActiveCfg = Debug|Any CPU
		{236C7061-45D8-499A-B166-780CEF2BDA6A}.Debug|x64.Build.0 = Debug|Any CPU
		{236C7061-45D8-499A-B166-780CEF2BDA6A}.Debug|x86.ActiveCfg = Debug|Any CPU
		{236C7061-45D8-499A-B166-780CEF2BDA6A}.Debug|x86.Build.0 = Debug|Any CPU
		{236C7061-45D8-499A-B166-780CEF2BDA6A}.Release|Any CPU.ActiveCfg = Release|Any CPU
		{236C7061-45D8-499A-B166-780CEF2BDA6A}.Release|Any CPU.Build.0 = Release|Any CPU
		{236C7061-45D8-499A-B166-780CEF2BDA6A}.Release|x64.ActiveCfg = Release|Any CPU
		{236C7061-45D8-499A-B166-780CEF2BDA6A}.Release|x64.Build.0 = Release|Any CPU
		{236C7061-45D8-499A-B166-780CEF2BDA6A}.Release|x86.ActiveCfg = Release|Any CPU
		{236C7061-45D8-499A-B166-780CEF2BDA6A}.Release|x86.Build.0 = Release|Any CPU
		{DA98FEB4-D44F-4331-ABC3-75AC1AC85193}.Debug|Any CPU.ActiveCfg = Debug|Any CPU
		{DA98FEB4-D44F-4331-ABC3-75AC1AC85193}.Debug|Any CPU.Build.0 = Debug|Any CPU
		{DA98FEB4-D44F-4331-ABC3-75AC1AC85193}.Debug|x64.ActiveCfg = Debug|Any CPU
		{DA98FEB4-D44F-4331-ABC3-75AC1AC85193}.Debug|x64.Build.0 = Debug|Any CPU
		{DA98FEB4-D44F-4331-ABC3-75AC1AC85193}.Debug|x86.ActiveCfg = Debug|Any CPU
		{DA98FEB4-D44F-4331-ABC3-75AC1AC85193}.Debug|x86.Build.0 = Debug|Any CPU
		{DA98FEB4-D44F-4331-ABC3-75AC1AC85193}.Release|Any CPU.ActiveCfg = Release|Any CPU
		{DA98FEB4-D44F-4331-ABC3-75AC1AC85193}.Release|Any CPU.Build.0 = Release|Any CPU
		{DA98FEB4-D44F-4331-ABC3-75AC1AC85193}.Release|x64.ActiveCfg = Release|Any CPU
		{DA98FEB4-D44F-4331-ABC3-75AC1AC85193}.Release|x64.Build.0 = Release|Any CPU
		{DA98FEB4-D44F-4331-ABC3-75AC1AC85193}.Release|x86.ActiveCfg = Release|Any CPU
		{DA98FEB4-D44F-4331-ABC3-75AC1AC85193}.Release|x86.Build.0 = Release|Any CPU
		{F3E688BD-E10C-47FF-B1BE-165B7CDD5D9D}.Debug|Any CPU.ActiveCfg = Debug|Any CPU
		{F3E688BD-E10C-47FF-B1BE-165B7CDD5D9D}.Debug|Any CPU.Build.0 = Debug|Any CPU
		{F3E688BD-E10C-47FF-B1BE-165B7CDD5D9D}.Debug|x64.ActiveCfg = Debug|Any CPU
		{F3E688BD-E10C-47FF-B1BE-165B7CDD5D9D}.Debug|x64.Build.0 = Debug|Any CPU
		{F3E688BD-E10C-47FF-B1BE-165B7CDD5D9D}.Debug|x86.ActiveCfg = Debug|Any CPU
		{F3E688BD-E10C-47FF-B1BE-165B7CDD5D9D}.Debug|x86.Build.0 = Debug|Any CPU
		{F3E688BD-E10C-47FF-B1BE-165B7CDD5D9D}.Release|Any CPU.ActiveCfg = Release|Any CPU
		{F3E688BD-E10C-47FF-B1BE-165B7CDD5D9D}.Release|Any CPU.Build.0 = Release|Any CPU
		{F3E688BD-E10C-47FF-B1BE-165B7CDD5D9D}.Release|x64.ActiveCfg = Release|Any CPU
		{F3E688BD-E10C-47FF-B1BE-165B7CDD5D9D}.Release|x64.Build.0 = Release|Any CPU
		{F3E688BD-E10C-47FF-B1BE-165B7CDD5D9D}.Release|x86.ActiveCfg = Release|Any CPU
		{F3E688BD-E10C-47FF-B1BE-165B7CDD5D9D}.Release|x86.Build.0 = Release|Any CPU
		{11265BBA-BD7B-437B-835E-242530060EB1}.Debug|Any CPU.ActiveCfg = Debug|Any CPU
		{11265BBA-BD7B-437B-835E-242530060EB1}.Debug|Any CPU.Build.0 = Debug|Any CPU
		{11265BBA-BD7B-437B-835E-242530060EB1}.Debug|x64.ActiveCfg = Debug|Any CPU
		{11265BBA-BD7B-437B-835E-242530060EB1}.Debug|x64.Build.0 = Debug|Any CPU
		{11265BBA-BD7B-437B-835E-242530060EB1}.Debug|x86.ActiveCfg = Debug|Any CPU
		{11265BBA-BD7B-437B-835E-242530060EB1}.Debug|x86.Build.0 = Debug|Any CPU
		{11265BBA-BD7B-437B-835E-242530060EB1}.Release|Any CPU.ActiveCfg = Release|Any CPU
		{11265BBA-BD7B-437B-835E-242530060EB1}.Release|Any CPU.Build.0 = Release|Any CPU
		{11265BBA-BD7B-437B-835E-242530060EB1}.Release|x64.ActiveCfg = Release|Any CPU
		{11265BBA-BD7B-437B-835E-242530060EB1}.Release|x64.Build.0 = Release|Any CPU
		{11265BBA-BD7B-437B-835E-242530060EB1}.Release|x86.ActiveCfg = Release|Any CPU
		{11265BBA-BD7B-437B-835E-242530060EB1}.Release|x86.Build.0 = Release|Any CPU
		{00EC6497-D73A-43F1-BD82-23CE587D0FF6}.Debug|Any CPU.ActiveCfg = Debug|Any CPU
		{00EC6497-D73A-43F1-BD82-23CE587D0FF6}.Debug|Any CPU.Build.0 = Debug|Any CPU
		{00EC6497-D73A-43F1-BD82-23CE587D0FF6}.Debug|x64.ActiveCfg = Debug|Any CPU
		{00EC6497-D73A-43F1-BD82-23CE587D0FF6}.Debug|x64.Build.0 = Debug|Any CPU
		{00EC6497-D73A-43F1-BD82-23CE587D0FF6}.Debug|x86.ActiveCfg = Debug|Any CPU
		{00EC6497-D73A-43F1-BD82-23CE587D0FF6}.Debug|x86.Build.0 = Debug|Any CPU
		{00EC6497-D73A-43F1-BD82-23CE587D0FF6}.Release|Any CPU.ActiveCfg = Release|Any CPU
		{00EC6497-D73A-43F1-BD82-23CE587D0FF6}.Release|Any CPU.Build.0 = Release|Any CPU
		{00EC6497-D73A-43F1-BD82-23CE587D0FF6}.Release|x64.ActiveCfg = Release|Any CPU
		{00EC6497-D73A-43F1-BD82-23CE587D0FF6}.Release|x64.Build.0 = Release|Any CPU
		{00EC6497-D73A-43F1-BD82-23CE587D0FF6}.Release|x86.ActiveCfg = Release|Any CPU
		{00EC6497-D73A-43F1-BD82-23CE587D0FF6}.Release|x86.Build.0 = Release|Any CPU
		{25417C41-A70A-41DA-8349-4FC79976154C}.Debug|Any CPU.ActiveCfg = Debug|Any CPU
		{25417C41-A70A-41DA-8349-4FC79976154C}.Debug|Any CPU.Build.0 = Debug|Any CPU
		{25417C41-A70A-41DA-8349-4FC79976154C}.Debug|x64.ActiveCfg = Debug|Any CPU
		{25417C41-A70A-41DA-8349-4FC79976154C}.Debug|x64.Build.0 = Debug|Any CPU
		{25417C41-A70A-41DA-8349-4FC79976154C}.Debug|x86.ActiveCfg = Debug|Any CPU
		{25417C41-A70A-41DA-8349-4FC79976154C}.Debug|x86.Build.0 = Debug|Any CPU
		{25417C41-A70A-41DA-8349-4FC79976154C}.Release|Any CPU.ActiveCfg = Release|Any CPU
		{25417C41-A70A-41DA-8349-4FC79976154C}.Release|Any CPU.Build.0 = Release|Any CPU
		{25417C41-A70A-41DA-8349-4FC79976154C}.Release|x64.ActiveCfg = Release|Any CPU
		{25417C41-A70A-41DA-8349-4FC79976154C}.Release|x64.Build.0 = Release|Any CPU
		{25417C41-A70A-41DA-8349-4FC79976154C}.Release|x86.ActiveCfg = Release|Any CPU
		{25417C41-A70A-41DA-8349-4FC79976154C}.Release|x86.Build.0 = Release|Any CPU
		{D148D682-0251-4950-B53E-058E4B54F381}.Debug|Any CPU.ActiveCfg = Debug|Any CPU
		{D148D682-0251-4950-B53E-058E4B54F381}.Debug|Any CPU.Build.0 = Debug|Any CPU
		{D148D682-0251-4950-B53E-058E4B54F381}.Debug|x64.ActiveCfg = Debug|Any CPU
		{D148D682-0251-4950-B53E-058E4B54F381}.Debug|x64.Build.0 = Debug|Any CPU
		{D148D682-0251-4950-B53E-058E4B54F381}.Debug|x86.ActiveCfg = Debug|Any CPU
		{D148D682-0251-4950-B53E-058E4B54F381}.Debug|x86.Build.0 = Debug|Any CPU
		{D148D682-0251-4950-B53E-058E4B54F381}.Release|Any CPU.ActiveCfg = Release|Any CPU
		{D148D682-0251-4950-B53E-058E4B54F381}.Release|Any CPU.Build.0 = Release|Any CPU
		{D148D682-0251-4950-B53E-058E4B54F381}.Release|x64.ActiveCfg = Release|Any CPU
		{D148D682-0251-4950-B53E-058E4B54F381}.Release|x64.Build.0 = Release|Any CPU
		{D148D682-0251-4950-B53E-058E4B54F381}.Release|x86.ActiveCfg = Release|Any CPU
		{D148D682-0251-4950-B53E-058E4B54F381}.Release|x86.Build.0 = Release|Any CPU
		{5907335F-0E36-4962-B7F2-DDF763C93263}.Debug|Any CPU.ActiveCfg = Debug|Any CPU
		{5907335F-0E36-4962-B7F2-DDF763C93263}.Debug|Any CPU.Build.0 = Debug|Any CPU
		{5907335F-0E36-4962-B7F2-DDF763C93263}.Debug|x64.ActiveCfg = Debug|Any CPU
		{5907335F-0E36-4962-B7F2-DDF763C93263}.Debug|x64.Build.0 = Debug|Any CPU
		{5907335F-0E36-4962-B7F2-DDF763C93263}.Debug|x86.ActiveCfg = Debug|Any CPU
		{5907335F-0E36-4962-B7F2-DDF763C93263}.Debug|x86.Build.0 = Debug|Any CPU
		{5907335F-0E36-4962-B7F2-DDF763C93263}.Release|Any CPU.ActiveCfg = Release|Any CPU
		{5907335F-0E36-4962-B7F2-DDF763C93263}.Release|Any CPU.Build.0 = Release|Any CPU
		{5907335F-0E36-4962-B7F2-DDF763C93263}.Release|x64.ActiveCfg = Release|Any CPU
		{5907335F-0E36-4962-B7F2-DDF763C93263}.Release|x64.Build.0 = Release|Any CPU
		{5907335F-0E36-4962-B7F2-DDF763C93263}.Release|x86.ActiveCfg = Release|Any CPU
		{5907335F-0E36-4962-B7F2-DDF763C93263}.Release|x86.Build.0 = Release|Any CPU
		{FDB20DB1-261F-4989-A7B4-45993CD6077B}.Debug|Any CPU.ActiveCfg = Debug|Any CPU
		{FDB20DB1-261F-4989-A7B4-45993CD6077B}.Debug|Any CPU.Build.0 = Debug|Any CPU
		{FDB20DB1-261F-4989-A7B4-45993CD6077B}.Debug|x64.ActiveCfg = Debug|Any CPU
		{FDB20DB1-261F-4989-A7B4-45993CD6077B}.Debug|x64.Build.0 = Debug|Any CPU
		{FDB20DB1-261F-4989-A7B4-45993CD6077B}.Debug|x86.ActiveCfg = Debug|Any CPU
		{FDB20DB1-261F-4989-A7B4-45993CD6077B}.Debug|x86.Build.0 = Debug|Any CPU
		{FDB20DB1-261F-4989-A7B4-45993CD6077B}.Release|Any CPU.ActiveCfg = Release|Any CPU
		{FDB20DB1-261F-4989-A7B4-45993CD6077B}.Release|Any CPU.Build.0 = Release|Any CPU
		{FDB20DB1-261F-4989-A7B4-45993CD6077B}.Release|x64.ActiveCfg = Release|Any CPU
		{FDB20DB1-261F-4989-A7B4-45993CD6077B}.Release|x64.Build.0 = Release|Any CPU
		{FDB20DB1-261F-4989-A7B4-45993CD6077B}.Release|x86.ActiveCfg = Release|Any CPU
		{FDB20DB1-261F-4989-A7B4-45993CD6077B}.Release|x86.Build.0 = Release|Any CPU
		{2AF44CC7-DEAD-4DAA-9C40-B643D4FBF8F8}.Debug|Any CPU.ActiveCfg = Debug|Any CPU
		{2AF44CC7-DEAD-4DAA-9C40-B643D4FBF8F8}.Debug|Any CPU.Build.0 = Debug|Any CPU
		{2AF44CC7-DEAD-4DAA-9C40-B643D4FBF8F8}.Debug|x64.ActiveCfg = Debug|Any CPU
		{2AF44CC7-DEAD-4DAA-9C40-B643D4FBF8F8}.Debug|x64.Build.0 = Debug|Any CPU
		{2AF44CC7-DEAD-4DAA-9C40-B643D4FBF8F8}.Debug|x86.ActiveCfg = Debug|Any CPU
		{2AF44CC7-DEAD-4DAA-9C40-B643D4FBF8F8}.Debug|x86.Build.0 = Debug|Any CPU
		{2AF44CC7-DEAD-4DAA-9C40-B643D4FBF8F8}.Release|Any CPU.ActiveCfg = Release|Any CPU
		{2AF44CC7-DEAD-4DAA-9C40-B643D4FBF8F8}.Release|Any CPU.Build.0 = Release|Any CPU
		{2AF44CC7-DEAD-4DAA-9C40-B643D4FBF8F8}.Release|x64.ActiveCfg = Release|Any CPU
		{2AF44CC7-DEAD-4DAA-9C40-B643D4FBF8F8}.Release|x64.Build.0 = Release|Any CPU
		{2AF44CC7-DEAD-4DAA-9C40-B643D4FBF8F8}.Release|x86.ActiveCfg = Release|Any CPU
		{2AF44CC7-DEAD-4DAA-9C40-B643D4FBF8F8}.Release|x86.Build.0 = Release|Any CPU
		{8E282296-ADEE-4DC8-B6D7-4B6A5549C833}.Debug|Any CPU.ActiveCfg = Debug|Any CPU
		{8E282296-ADEE-4DC8-B6D7-4B6A5549C833}.Debug|Any CPU.Build.0 = Debug|Any CPU
		{8E282296-ADEE-4DC8-B6D7-4B6A5549C833}.Debug|x64.ActiveCfg = Debug|Any CPU
		{8E282296-ADEE-4DC8-B6D7-4B6A5549C833}.Debug|x64.Build.0 = Debug|Any CPU
		{8E282296-ADEE-4DC8-B6D7-4B6A5549C833}.Debug|x86.ActiveCfg = Debug|Any CPU
		{8E282296-ADEE-4DC8-B6D7-4B6A5549C833}.Debug|x86.Build.0 = Debug|Any CPU
		{8E282296-ADEE-4DC8-B6D7-4B6A5549C833}.Release|Any CPU.ActiveCfg = Release|Any CPU
		{8E282296-ADEE-4DC8-B6D7-4B6A5549C833}.Release|Any CPU.Build.0 = Release|Any CPU
		{8E282296-ADEE-4DC8-B6D7-4B6A5549C833}.Release|x64.ActiveCfg = Release|Any CPU
		{8E282296-ADEE-4DC8-B6D7-4B6A5549C833}.Release|x64.Build.0 = Release|Any CPU
		{8E282296-ADEE-4DC8-B6D7-4B6A5549C833}.Release|x86.ActiveCfg = Release|Any CPU
		{8E282296-ADEE-4DC8-B6D7-4B6A5549C833}.Release|x86.Build.0 = Release|Any CPU
		{BC6B3C07-5E6C-44D5-9EC8-E9CF5D96BC7F}.Debug|Any CPU.ActiveCfg = Debug|Any CPU
		{BC6B3C07-5E6C-44D5-9EC8-E9CF5D96BC7F}.Debug|Any CPU.Build.0 = Debug|Any CPU
		{BC6B3C07-5E6C-44D5-9EC8-E9CF5D96BC7F}.Debug|x64.ActiveCfg = Debug|Any CPU
		{BC6B3C07-5E6C-44D5-9EC8-E9CF5D96BC7F}.Debug|x64.Build.0 = Debug|Any CPU
		{BC6B3C07-5E6C-44D5-9EC8-E9CF5D96BC7F}.Debug|x86.ActiveCfg = Debug|Any CPU
		{BC6B3C07-5E6C-44D5-9EC8-E9CF5D96BC7F}.Debug|x86.Build.0 = Debug|Any CPU
		{BC6B3C07-5E6C-44D5-9EC8-E9CF5D96BC7F}.Release|Any CPU.ActiveCfg = Release|Any CPU
		{BC6B3C07-5E6C-44D5-9EC8-E9CF5D96BC7F}.Release|Any CPU.Build.0 = Release|Any CPU
		{BC6B3C07-5E6C-44D5-9EC8-E9CF5D96BC7F}.Release|x64.ActiveCfg = Release|Any CPU
		{BC6B3C07-5E6C-44D5-9EC8-E9CF5D96BC7F}.Release|x64.Build.0 = Release|Any CPU
		{BC6B3C07-5E6C-44D5-9EC8-E9CF5D96BC7F}.Release|x86.ActiveCfg = Release|Any CPU
		{BC6B3C07-5E6C-44D5-9EC8-E9CF5D96BC7F}.Release|x86.Build.0 = Release|Any CPU
	EndGlobalSection
	GlobalSection(SolutionProperties) = preSolution
		HideSolutionNode = FALSE
	EndGlobalSection
	GlobalSection(NestedProjects) = preSolution
		{94C9423D-4BD2-495A-8FDC-72974CC574A3} = {CC8FBE3F-A896-462E-8C0D-E3DA3F5B3D90}
		{D2EDE3E8-30D0-46F3-8EB3-F1C8530DCF5C} = {103E6721-486F-40FF-957B-008357F2426E}
		{C16168B8-2BD4-4596-B981-4A3F2703F614} = {103E6721-486F-40FF-957B-008357F2426E}
		{BD6544C0-DE77-4CBB-825F-08B485161398} = {103E6721-486F-40FF-957B-008357F2426E}
		{05AD202B-FF8D-404E-83E1-AA0F97A6F588} = {103E6721-486F-40FF-957B-008357F2426E}
		{85D16E1A-39AC-48CF-8E36-9C4389812592} = {94C9423D-4BD2-495A-8FDC-72974CC574A3}
		{7CE573FF-159F-49D9-97F8-26CC54C95DAC} = {056FE36F-6278-415F-B188-718CBEFEFFA1}
		{33C85129-92EE-4AE4-A841-5410CB9A8893} = {BD6544C0-DE77-4CBB-825F-08B485161398}
		{16FCC440-EE26-4DB3-A46E-AAF1058D36E2} = {C16168B8-2BD4-4596-B981-4A3F2703F614}
		{61194090-B9BF-4BD2-A710-32DBB5393170} = {C16168B8-2BD4-4596-B981-4A3F2703F614}
		{E8826335-23C7-4F86-B94E-4B810452960F} = {D2EDE3E8-30D0-46F3-8EB3-F1C8530DCF5C}
		{D871653B-4716-4B63-A72E-9C1FDA8DE87B} = {05AD202B-FF8D-404E-83E1-AA0F97A6F588}
		{AB34138D-8F25-4424-9483-DAA7DD572FCD} = {056FE36F-6278-415F-B188-718CBEFEFFA1}
		{7142EBC4-2C32-46F9-AC69-9040F6D66F1E} = {C16168B8-2BD4-4596-B981-4A3F2703F614}
		{BD396E1B-C50E-48D0-9EB3-F0EFF531774D} = {056FE36F-6278-415F-B188-718CBEFEFFA1}
		{D30B2AD9-928A-470C-9ACB-0258F324264E} = {C16168B8-2BD4-4596-B981-4A3F2703F614}
		{056FE36F-6278-415F-B188-718CBEFEFFA1} = {CC8FBE3F-A896-462E-8C0D-E3DA3F5B3D90}
		{103E6721-486F-40FF-957B-008357F2426E} = {D8873A5D-0370-477A-BA72-9E6A0008A8BD}
		{8D966FE3-92CF-4C50-A7C1-2B1AD2E98D0C} = {103E6721-486F-40FF-957B-008357F2426E}
		{C0914925-C762-4FDA-BFA0-F78C597232BA} = {8D966FE3-92CF-4C50-A7C1-2B1AD2E98D0C}
		{2E9EC597-A7EB-43DA-B66E-499F0C4DD526} = {4B130EC4-28DE-49DE-AD54-6A6DE4F6A52B}
		{4B130EC4-28DE-49DE-AD54-6A6DE4F6A52B} = {D0C97673-5035-4ADF-92D5-386C3AF7C07E}
		{092F0853-C157-4BB4-BE75-BF48D6F7D421} = {056FE36F-6278-415F-B188-718CBEFEFFA1}
		{7D0AD4DB-D6B7-4A3D-8169-EE4A2D720196} = {056FE36F-6278-415F-B188-718CBEFEFFA1}
		{236C7061-45D8-499A-B166-780CEF2BDA6A} = {C16168B8-2BD4-4596-B981-4A3F2703F614}
		{8B23EA32-C595-485A-9908-E2BE757EB7C2} = {8D966FE3-92CF-4C50-A7C1-2B1AD2E98D0C}
		{DA98FEB4-D44F-4331-ABC3-75AC1AC85193} = {94C9423D-4BD2-495A-8FDC-72974CC574A3}
		{F3E688BD-E10C-47FF-B1BE-165B7CDD5D9D} = {056FE36F-6278-415F-B188-718CBEFEFFA1}
		{11265BBA-BD7B-437B-835E-242530060EB1} = {C16168B8-2BD4-4596-B981-4A3F2703F614}
		{3EFD57DB-DA05-46D2-A6D4-EC0C1C33E4F6} = {D8873A5D-0370-477A-BA72-9E6A0008A8BD}
		{CA9F7F7B-FBB3-4E80-B2AA-B346593E774C} = {3EFD57DB-DA05-46D2-A6D4-EC0C1C33E4F6}
		{00EC6497-D73A-43F1-BD82-23CE587D0FF6} = {CA9F7F7B-FBB3-4E80-B2AA-B346593E774C}
		{47710F90-5375-4FEA-A0D0-3B5453CDE540} = {3EFD57DB-DA05-46D2-A6D4-EC0C1C33E4F6}
		{74E8AC64-B775-441B-9921-CE5820D7C314} = {3EFD57DB-DA05-46D2-A6D4-EC0C1C33E4F6}
		{25417C41-A70A-41DA-8349-4FC79976154C} = {74E8AC64-B775-441B-9921-CE5820D7C314}
		{D148D682-0251-4950-B53E-058E4B54F381} = {47710F90-5375-4FEA-A0D0-3B5453CDE540}
		{91E1E880-C5EF-43BA-A633-4EDC6118456E} = {CC8FBE3F-A896-462E-8C0D-E3DA3F5B3D90}
		{5907335F-0E36-4962-B7F2-DDF763C93263} = {056FE36F-6278-415F-B188-718CBEFEFFA1}
		{FDB20DB1-261F-4989-A7B4-45993CD6077B} = {056FE36F-6278-415F-B188-718CBEFEFFA1}
		{2AF44CC7-DEAD-4DAA-9C40-B643D4FBF8F8} = {94C9423D-4BD2-495A-8FDC-72974CC574A3}
		{2524F070-2FAB-4E65-B516-3C532BC144B7} = {8D966FE3-92CF-4C50-A7C1-2B1AD2E98D0C}
		{9C219FF4-25D0-C397-8EFD-A5EDD4901A5E} = {3EFD57DB-DA05-46D2-A6D4-EC0C1C33E4F6}
		{8E282296-ADEE-4DC8-B6D7-4B6A5549C833} = {4B130EC4-28DE-49DE-AD54-6A6DE4F6A52B}
		{BC6B3C07-5E6C-44D5-9EC8-E9CF5D96BC7F} = {4B130EC4-28DE-49DE-AD54-6A6DE4F6A52B}
	EndGlobalSection
	GlobalSection(ExtensibilityGlobals) = postSolution
		SolutionGuid = {53398E46-E446-4097-9B17-D64ED618FA55}
	EndGlobalSection
	GlobalSection(TestCaseManagementSettings) = postSolution
		CategoryFile = ECO2.vsmdi
	EndGlobalSection
EndGlobal
