
Microsoft Visual Studio Solution File, Format Version 12.00
# Visual Studio 2012
Project("{2150E333-8FDC-42A3-9474-1A3956D46DE8}") = "Library", "Library", "{94C9423D-4BD2-495A-8FDC-72974CC574A3}"
EndProject
Project("{2150E333-8FDC-42A3-9474-1A3956D46DE8}") = "Extensions", "Extensions", "{8EDC210B-C825-46F6-B6D9-9BDD8B159AC2}"
EndProject
Project("{2150E333-8FDC-42A3-9474-1A3956D46DE8}") = "Testing", "Testing", "{C8ABB833-55E9-4BEE-A0F0-C7348DAE1740}"
EndProject
Project("{2150E333-8FDC-42A3-9474-1A3956D46DE8}") = "Solution Items", "Solution Items", "{6679339B-5FEC-40CC-9EAA-DEC0F3E5AF68}"
	ProjectSection(SolutionItems) = preProject
		AutomatedBuild.ps1 = AutomatedBuild.ps1
		ECO2.vsmdi = ECO2.vsmdi
		LocalTestRun.testrunconfig = LocalTestRun.testrunconfig
	EndProjectSection
EndProject
Project("{2150E333-8FDC-42A3-9474-1A3956D46DE8}") = "Sample", "Sample", "{D8873A5D-0370-477A-BA72-9E6A0008A8BD}"
EndProject
Project("{2150E333-8FDC-42A3-9474-1A3956D46DE8}") = "Application.Layer", "Application.Layer", "{D2EDE3E8-30D0-46F3-8EB3-F1C8530DCF5C}"
EndProject
Project("{2150E333-8FDC-42A3-9474-1A3956D46DE8}") = "Infrastructure.Layer", "Infrastructure.Layer", "{C16168B8-2BD4-4596-B981-4A3F2703F614}"
EndProject
Project("{2150E333-8FDC-42A3-9474-1A3956D46DE8}") = "Domain.Layer", "Domain.Layer", "{BD6544C0-DE77-4CBB-825F-08B485161398}"
EndProject
Project("{2150E333-8FDC-42A3-9474-1A3956D46DE8}") = "Presentation.Layer", "Presentation.Layer", "{05AD202B-FF8D-404E-83E1-AA0F97A6F588}"
EndProject
Project("{FAE04EC0-301F-11D3-BF4B-00C04F79EFBC}") = "ECO", "Core\ECO\ECO.csproj", "{408550BA-FA42-4F2B-AFB9-7C63D885384F}"
EndProject
Project("{FAE04EC0-301F-11D3-BF4B-00C04F79EFBC}") = "ECO.Providers.NHibernate", "Core\ECO.Providers.NHibernate\ECO.Providers.NHibernate.csproj", "{3E6A81BA-2FE1-4ACF-AB70-248C8F844983}"
EndProject
Project("{FAE04EC0-301F-11D3-BF4B-00C04F79EFBC}") = "ECO.Providers.InMemory", "Core\ECO.Providers.InMemory\ECO.Providers.InMemory.csproj", "{7CE573FF-159F-49D9-97F8-26CC54C95DAC}"
EndProject
Project("{FAE04EC0-301F-11D3-BF4B-00C04F79EFBC}") = "ECO.Bender", "Core\ECO.Bender\ECO.Bender.csproj", "{F798F90C-BF08-4328-8A19-2AFE9B2CCA8C}"
EndProject
Project("{FAE04EC0-301F-11D3-BF4B-00C04F79EFBC}") = "ECO.Sample.Domain", "SampleApp\ECO.Sample.Domain\ECO.Sample.Domain.csproj", "{40E8A9BF-6B1E-4355-9372-87865210BF68}"
EndProject
Project("{FAE04EC0-301F-11D3-BF4B-00C04F79EFBC}") = "ECO.Sample.Application", "SampleApp\ECO.Sample.Application\ECO.Sample.Application.csproj", "{DF43F470-514A-4492-8EA1-5E1FE252F657}"
EndProject
Project("{FAE04EC0-301F-11D3-BF4B-00C04F79EFBC}") = "ECO.Sample.Infrastructure.DAL.InMemory", "SampleApp\ECO.Sample.Infrastructure.DAL.InMemory\ECO.Sample.Infrastructure.DAL.InMemory.csproj", "{676480D8-0856-461C-B541-F6D462F44471}"
EndProject
Project("{FAE04EC0-301F-11D3-BF4B-00C04F79EFBC}") = "ECO.Sample.Infrastructure", "SampleApp\ECO.Sample.Infrastructure\ECO.Sample.Infrastructure.csproj", "{19325985-D5FE-4F24-AA82-00FB4AC4652F}"
EndProject
Project("{FAE04EC0-301F-11D3-BF4B-00C04F79EFBC}") = "ECO.Sample.Infrastructure.DAL.NHibernate", "SampleApp\ECO.Sample.Infrastructure.DAL.NHibernate\ECO.Sample.Infrastructure.DAL.NHibernate.csproj", "{136ACB8E-ADE7-4AE2-B440-F4454BF21B57}"
EndProject
Project("{FAE04EC0-301F-11D3-BF4B-00C04F79EFBC}") = "ECO.Providers.RavenDB", "Core\ECO.Providers.RavenDB\ECO.Providers.RavenDB.csproj", "{E6EC68EF-0C2F-4AF4-A489-ADFFC9845305}"
EndProject
Project("{FAE04EC0-301F-11D3-BF4B-00C04F79EFBC}") = "ECO.Providers.MongoDB", "Core\ECO.Providers.MongoDB\ECO.Providers.MongoDB.csproj", "{9DA9C8E5-6D68-4534-BFC1-9361FE956F4C}"
EndProject
Project("{FAE04EC0-301F-11D3-BF4B-00C04F79EFBC}") = "ECO.Sample.Presentation", "SampleApp\ECO.Sample.Presentation\ECO.Sample.Presentation.csproj", "{3E62DA0D-552C-43AA-B1D1-8C03A87E22C7}"
EndProject
Project("{2150E333-8FDC-42A3-9474-1A3956D46DE8}") = ".nuget", ".nuget", "{F724E0DE-FAE8-41E1-9166-DB48FCBFCD80}"
	ProjectSection(SolutionItems) = preProject
		.nuget\NuGet.Config = .nuget\NuGet.Config
		.nuget\NuGet.exe = .nuget\NuGet.exe
		.nuget\NuGet.targets = .nuget\NuGet.targets
	EndProjectSection
EndProject
Project("{FAE04EC0-301F-11D3-BF4B-00C04F79EFBC}") = "ECO.Sample.Infrastructure.DAL.MongoDB", "SampleApp\ECO.Sample.Infrastructure.DAL.MongoDB\ECO.Sample.Infrastructure.DAL.MongoDB.csproj", "{7287AACE-EDF7-48FB-A880-735B72EC1EA9}"
EndProject
Project("{FAE04EC0-301F-11D3-BF4B-00C04F79EFBC}") = "ECO.Integrations.CastleWindsor", "Core\ECO.Integrations.CastleWindsor\ECO.Integrations.CastleWindsor.csproj", "{F213E8A3-FDD0-48FE-9DEC-DECB179B0576}"
EndProject
Project("{FAE04EC0-301F-11D3-BF4B-00C04F79EFBC}") = "ECO.Integrations.StructureMap", "Core\ECO.Integrations.StructureMap\ECO.Integrations.StructureMap.csproj", "{363E7AD2-D07D-4394-9D46-4C450B0AFC56}"
EndProject
Project("{FAE04EC0-301F-11D3-BF4B-00C04F79EFBC}") = "ECO.Integrations.MassTransit", "Core\ECO.Integrations.MassTransit\ECO.Integrations.MassTransit.csproj", "{117FFA9D-65BB-462A-8F6E-57C43744ACF3}"
EndProject
Project("{FAE04EC0-301F-11D3-BF4B-00C04F79EFBC}") = "ECO.Providers.EntityFramework", "Core\ECO.Providers.EntityFramework\ECO.Providers.EntityFramework.csproj", "{F1FE6D41-9D51-498A-A468-E003BC6491A1}"
EndProject
Global
	GlobalSection(TeamFoundationVersionControl) = preSolution
		SccNumberOfProjects = 18
		SccEnterpriseProvider = {4CA58AB2-18FA-4F8D-95D4-32DDF27D184C}
		SccTeamFoundationServer = https://tfs.codeplex.com/tfs/tfs11
		SccLocalPath0 = .
		SccProjectUniqueName1 = Core\\ECO.Bender\\ECO.Bender.csproj
		SccProjectTopLevelParentUniqueName1 = ECO.sln
		SccProjectName1 = Core/ECO.Bender
		SccLocalPath1 = Core\\ECO.Bender
		SccProjectUniqueName2 = Core\\ECO.Providers.InMemory\\ECO.Providers.InMemory.csproj
		SccProjectTopLevelParentUniqueName2 = ECO.sln
		SccProjectName2 = Core/ECO.Providers.InMemory
		SccLocalPath2 = Core\\ECO.Providers.InMemory
		SccProjectUniqueName3 = Core\\ECO.Providers.MongoDB\\ECO.Providers.MongoDB.csproj
		SccProjectTopLevelParentUniqueName3 = ECO.sln
		SccProjectName3 = Core/ECO.Providers.MongoDB
		SccLocalPath3 = Core\\ECO.Providers.MongoDB
		SccProjectUniqueName4 = Core\\ECO.Providers.NHibernate\\ECO.Providers.NHibernate.csproj
		SccProjectTopLevelParentUniqueName4 = ECO.sln
		SccProjectName4 = Core/ECO.Providers.NHibernate
		SccLocalPath4 = Core\\ECO.Providers.NHibernate
		SccProjectUniqueName5 = Core\\ECO.Providers.RavenDB\\ECO.Providers.RavenDB.csproj
		SccProjectTopLevelParentUniqueName5 = ECO.sln
		SccProjectName5 = Core/ECO.Providers.RavenDB
		SccLocalPath5 = Core\\ECO.Providers.RavenDB
		SccProjectUniqueName6 = Core\\ECO\\ECO.csproj
		SccProjectTopLevelParentUniqueName6 = ECO.sln
		SccProjectName6 = Core/ECO
		SccLocalPath6 = Core\\ECO
		SccProjectUniqueName7 = SampleApp\\ECO.Sample.Application\\ECO.Sample.Application.csproj
		SccProjectTopLevelParentUniqueName7 = ECO.sln
		SccProjectName7 = SampleApp/ECO.Sample.Application
		SccLocalPath7 = SampleApp\\ECO.Sample.Application
		SccProjectUniqueName8 = SampleApp\\ECO.Sample.Domain\\ECO.Sample.Domain.csproj
		SccProjectTopLevelParentUniqueName8 = ECO.sln
		SccProjectName8 = SampleApp/ECO.Sample.Domain
		SccLocalPath8 = SampleApp\\ECO.Sample.Domain
		SccProjectUniqueName9 = SampleApp\\ECO.Sample.Infrastructure.DAL.InMemory\\ECO.Sample.Infrastructure.DAL.InMemory.csproj
		SccProjectTopLevelParentUniqueName9 = ECO.sln
		SccProjectName9 = SampleApp/ECO.Sample.Infrastructure.DAL.InMemory
		SccLocalPath9 = SampleApp\\ECO.Sample.Infrastructure.DAL.InMemory
		SccProjectUniqueName10 = SampleApp\\ECO.Sample.Infrastructure.DAL.NHibernate\\ECO.Sample.Infrastructure.DAL.NHibernate.csproj
		SccProjectTopLevelParentUniqueName10 = ECO.sln
		SccProjectName10 = SampleApp/ECO.Sample.Infrastructure.DAL.NHibernate
		SccLocalPath10 = SampleApp\\ECO.Sample.Infrastructure.DAL.NHibernate
		SccProjectUniqueName11 = SampleApp\\ECO.Sample.Infrastructure\\ECO.Sample.Infrastructure.csproj
		SccProjectTopLevelParentUniqueName11 = ECO.sln
		SccProjectName11 = SampleApp/ECO.Sample.Infrastructure
		SccLocalPath11 = SampleApp\\ECO.Sample.Infrastructure
		SccProjectUniqueName12 = SampleApp\\ECO.Sample.Presentation\\ECO.Sample.Presentation.csproj
		SccProjectTopLevelParentUniqueName12 = ECO.sln
		SccProjectName12 = SampleApp/ECO.Sample.Presentation
		SccLocalPath12 = SampleApp\\ECO.Sample.Presentation
		SccProjectUniqueName13 = SampleApp\\ECO.Sample.Infrastructure.DAL.MongoDB\\ECO.Sample.Infrastructure.DAL.MongoDB.csproj
		SccProjectTopLevelParentUniqueName13 = ECO.sln
		SccProjectName13 = SampleApp/ECO.Sample.Infrastructure.DAL.MongoDB
		SccLocalPath13 = SampleApp\\ECO.Sample.Infrastructure.DAL.MongoDB
		SccProjectUniqueName14 = Core\\ECO.Integrations.CastleWindsor\\ECO.Integrations.CastleWindsor.csproj
		SccProjectTopLevelParentUniqueName14 = ECO.sln
		SccProjectName14 = Core/ECO.Integrations.CastleWindsor
		SccLocalPath14 = Core\\ECO.Integrations.CastleWindsor
		SccProjectUniqueName15 = Core\\ECO.Integrations.StructureMap\\ECO.Integrations.StructureMap.csproj
		SccProjectTopLevelParentUniqueName15 = ECO.sln
		SccProjectName15 = Core/ECO.Integrations.StructureMap
		SccLocalPath15 = Core\\ECO.Integrations.StructureMap
		SccProjectUniqueName16 = Core\\ECO.Integrations.MassTransit\\ECO.Integrations.MassTransit.csproj
		SccProjectTopLevelParentUniqueName16 = ECO.sln
		SccProjectName16 = Core/ECO.Integrations.MassTransit
		SccLocalPath16 = Core\\ECO.Integrations.MassTransit
		SccProjectUniqueName17 = Core\\ECO.Providers.EntityFramework\\ECO.Providers.EntityFramework.csproj
		SccProjectTopLevelParentUniqueName17 = ECO.sln
		SccProjectName17 = Core/ECO.Providers.EntityFramework
		SccLocalPath17 = Core\\ECO.Providers.EntityFramework
	EndGlobalSection
	GlobalSection(TestCaseManagementSettings) = postSolution
		CategoryFile = ECO2.vsmdi
	EndGlobalSection
	GlobalSection(SolutionConfigurationPlatforms) = preSolution
		Debug|Any CPU = Debug|Any CPU
		Release|Any CPU = Release|Any CPU
	EndGlobalSection
	GlobalSection(ProjectConfigurationPlatforms) = postSolution
		{408550BA-FA42-4F2B-AFB9-7C63D885384F}.Debug|Any CPU.ActiveCfg = Debug|Any CPU
		{408550BA-FA42-4F2B-AFB9-7C63D885384F}.Debug|Any CPU.Build.0 = Debug|Any CPU
		{408550BA-FA42-4F2B-AFB9-7C63D885384F}.Release|Any CPU.ActiveCfg = Release|Any CPU
		{408550BA-FA42-4F2B-AFB9-7C63D885384F}.Release|Any CPU.Build.0 = Release|Any CPU
		{3E6A81BA-2FE1-4ACF-AB70-248C8F844983}.Debug|Any CPU.ActiveCfg = Debug|Any CPU
		{3E6A81BA-2FE1-4ACF-AB70-248C8F844983}.Debug|Any CPU.Build.0 = Debug|Any CPU
		{3E6A81BA-2FE1-4ACF-AB70-248C8F844983}.Release|Any CPU.ActiveCfg = Release|Any CPU
		{3E6A81BA-2FE1-4ACF-AB70-248C8F844983}.Release|Any CPU.Build.0 = Release|Any CPU
		{7CE573FF-159F-49D9-97F8-26CC54C95DAC}.Debug|Any CPU.ActiveCfg = Debug|Any CPU
		{7CE573FF-159F-49D9-97F8-26CC54C95DAC}.Debug|Any CPU.Build.0 = Debug|Any CPU
		{7CE573FF-159F-49D9-97F8-26CC54C95DAC}.Release|Any CPU.ActiveCfg = Release|Any CPU
		{7CE573FF-159F-49D9-97F8-26CC54C95DAC}.Release|Any CPU.Build.0 = Release|Any CPU
		{F798F90C-BF08-4328-8A19-2AFE9B2CCA8C}.Debug|Any CPU.ActiveCfg = Debug|Any CPU
		{F798F90C-BF08-4328-8A19-2AFE9B2CCA8C}.Debug|Any CPU.Build.0 = Debug|Any CPU
		{F798F90C-BF08-4328-8A19-2AFE9B2CCA8C}.Release|Any CPU.ActiveCfg = Release|Any CPU
		{F798F90C-BF08-4328-8A19-2AFE9B2CCA8C}.Release|Any CPU.Build.0 = Release|Any CPU
		{40E8A9BF-6B1E-4355-9372-87865210BF68}.Debug|Any CPU.ActiveCfg = Debug|Any CPU
		{40E8A9BF-6B1E-4355-9372-87865210BF68}.Debug|Any CPU.Build.0 = Debug|Any CPU
		{40E8A9BF-6B1E-4355-9372-87865210BF68}.Release|Any CPU.ActiveCfg = Release|Any CPU
		{40E8A9BF-6B1E-4355-9372-87865210BF68}.Release|Any CPU.Build.0 = Release|Any CPU
		{DF43F470-514A-4492-8EA1-5E1FE252F657}.Debug|Any CPU.ActiveCfg = Debug|Any CPU
		{DF43F470-514A-4492-8EA1-5E1FE252F657}.Debug|Any CPU.Build.0 = Debug|Any CPU
		{DF43F470-514A-4492-8EA1-5E1FE252F657}.Release|Any CPU.ActiveCfg = Release|Any CPU
		{DF43F470-514A-4492-8EA1-5E1FE252F657}.Release|Any CPU.Build.0 = Release|Any CPU
		{676480D8-0856-461C-B541-F6D462F44471}.Debug|Any CPU.ActiveCfg = Debug|Any CPU
		{676480D8-0856-461C-B541-F6D462F44471}.Debug|Any CPU.Build.0 = Debug|Any CPU
		{676480D8-0856-461C-B541-F6D462F44471}.Release|Any CPU.ActiveCfg = Release|Any CPU
		{676480D8-0856-461C-B541-F6D462F44471}.Release|Any CPU.Build.0 = Release|Any CPU
		{19325985-D5FE-4F24-AA82-00FB4AC4652F}.Debug|Any CPU.ActiveCfg = Debug|Any CPU
		{19325985-D5FE-4F24-AA82-00FB4AC4652F}.Debug|Any CPU.Build.0 = Debug|Any CPU
		{19325985-D5FE-4F24-AA82-00FB4AC4652F}.Release|Any CPU.ActiveCfg = Release|Any CPU
		{19325985-D5FE-4F24-AA82-00FB4AC4652F}.Release|Any CPU.Build.0 = Release|Any CPU
		{136ACB8E-ADE7-4AE2-B440-F4454BF21B57}.Debug|Any CPU.ActiveCfg = Debug|Any CPU
		{136ACB8E-ADE7-4AE2-B440-F4454BF21B57}.Debug|Any CPU.Build.0 = Debug|Any CPU
		{136ACB8E-ADE7-4AE2-B440-F4454BF21B57}.Release|Any CPU.ActiveCfg = Release|Any CPU
		{136ACB8E-ADE7-4AE2-B440-F4454BF21B57}.Release|Any CPU.Build.0 = Release|Any CPU
		{E6EC68EF-0C2F-4AF4-A489-ADFFC9845305}.Debug|Any CPU.ActiveCfg = Debug|Any CPU
		{E6EC68EF-0C2F-4AF4-A489-ADFFC9845305}.Debug|Any CPU.Build.0 = Debug|Any CPU
		{E6EC68EF-0C2F-4AF4-A489-ADFFC9845305}.Release|Any CPU.ActiveCfg = Release|Any CPU
		{E6EC68EF-0C2F-4AF4-A489-ADFFC9845305}.Release|Any CPU.Build.0 = Release|Any CPU
		{9DA9C8E5-6D68-4534-BFC1-9361FE956F4C}.Debug|Any CPU.ActiveCfg = Debug|Any CPU
		{9DA9C8E5-6D68-4534-BFC1-9361FE956F4C}.Debug|Any CPU.Build.0 = Debug|Any CPU
		{9DA9C8E5-6D68-4534-BFC1-9361FE956F4C}.Release|Any CPU.ActiveCfg = Release|Any CPU
		{9DA9C8E5-6D68-4534-BFC1-9361FE956F4C}.Release|Any CPU.Build.0 = Release|Any CPU
		{3E62DA0D-552C-43AA-B1D1-8C03A87E22C7}.Debug|Any CPU.ActiveCfg = Debug|Any CPU
		{3E62DA0D-552C-43AA-B1D1-8C03A87E22C7}.Debug|Any CPU.Build.0 = Debug|Any CPU
		{3E62DA0D-552C-43AA-B1D1-8C03A87E22C7}.Release|Any CPU.ActiveCfg = Release|Any CPU
		{3E62DA0D-552C-43AA-B1D1-8C03A87E22C7}.Release|Any CPU.Build.0 = Release|Any CPU
		{7287AACE-EDF7-48FB-A880-735B72EC1EA9}.Debug|Any CPU.ActiveCfg = Debug|Any CPU
		{7287AACE-EDF7-48FB-A880-735B72EC1EA9}.Debug|Any CPU.Build.0 = Debug|Any CPU
		{7287AACE-EDF7-48FB-A880-735B72EC1EA9}.Release|Any CPU.ActiveCfg = Release|Any CPU
		{7287AACE-EDF7-48FB-A880-735B72EC1EA9}.Release|Any CPU.Build.0 = Release|Any CPU
		{F213E8A3-FDD0-48FE-9DEC-DECB179B0576}.Debug|Any CPU.ActiveCfg = Debug|Any CPU
		{F213E8A3-FDD0-48FE-9DEC-DECB179B0576}.Debug|Any CPU.Build.0 = Debug|Any CPU
		{F213E8A3-FDD0-48FE-9DEC-DECB179B0576}.Release|Any CPU.ActiveCfg = Release|Any CPU
		{F213E8A3-FDD0-48FE-9DEC-DECB179B0576}.Release|Any CPU.Build.0 = Release|Any CPU
		{363E7AD2-D07D-4394-9D46-4C450B0AFC56}.Debug|Any CPU.ActiveCfg = Debug|Any CPU
		{363E7AD2-D07D-4394-9D46-4C450B0AFC56}.Debug|Any CPU.Build.0 = Debug|Any CPU
		{363E7AD2-D07D-4394-9D46-4C450B0AFC56}.Release|Any CPU.ActiveCfg = Release|Any CPU
		{363E7AD2-D07D-4394-9D46-4C450B0AFC56}.Release|Any CPU.Build.0 = Release|Any CPU
		{117FFA9D-65BB-462A-8F6E-57C43744ACF3}.Debug|Any CPU.ActiveCfg = Debug|Any CPU
		{117FFA9D-65BB-462A-8F6E-57C43744ACF3}.Debug|Any CPU.Build.0 = Debug|Any CPU
		{117FFA9D-65BB-462A-8F6E-57C43744ACF3}.Release|Any CPU.ActiveCfg = Release|Any CPU
		{117FFA9D-65BB-462A-8F6E-57C43744ACF3}.Release|Any CPU.Build.0 = Release|Any CPU
		{F1FE6D41-9D51-498A-A468-E003BC6491A1}.Debug|Any CPU.ActiveCfg = Debug|Any CPU
		{F1FE6D41-9D51-498A-A468-E003BC6491A1}.Debug|Any CPU.Build.0 = Debug|Any CPU
		{F1FE6D41-9D51-498A-A468-E003BC6491A1}.Release|Any CPU.ActiveCfg = Release|Any CPU
		{F1FE6D41-9D51-498A-A468-E003BC6491A1}.Release|Any CPU.Build.0 = Release|Any CPU
	EndGlobalSection
	GlobalSection(SolutionProperties) = preSolution
		HideSolutionNode = FALSE
	EndGlobalSection
	GlobalSection(NestedProjects) = preSolution
		{408550BA-FA42-4F2B-AFB9-7C63D885384F} = {94C9423D-4BD2-495A-8FDC-72974CC574A3}
		{F798F90C-BF08-4328-8A19-2AFE9B2CCA8C} = {94C9423D-4BD2-495A-8FDC-72974CC574A3}
		{3E6A81BA-2FE1-4ACF-AB70-248C8F844983} = {8EDC210B-C825-46F6-B6D9-9BDD8B159AC2}
		{7CE573FF-159F-49D9-97F8-26CC54C95DAC} = {8EDC210B-C825-46F6-B6D9-9BDD8B159AC2}
		{E6EC68EF-0C2F-4AF4-A489-ADFFC9845305} = {8EDC210B-C825-46F6-B6D9-9BDD8B159AC2}
		{9DA9C8E5-6D68-4534-BFC1-9361FE956F4C} = {8EDC210B-C825-46F6-B6D9-9BDD8B159AC2}
		{F213E8A3-FDD0-48FE-9DEC-DECB179B0576} = {8EDC210B-C825-46F6-B6D9-9BDD8B159AC2}
		{363E7AD2-D07D-4394-9D46-4C450B0AFC56} = {8EDC210B-C825-46F6-B6D9-9BDD8B159AC2}
		{117FFA9D-65BB-462A-8F6E-57C43744ACF3} = {8EDC210B-C825-46F6-B6D9-9BDD8B159AC2}
		{F1FE6D41-9D51-498A-A468-E003BC6491A1} = {8EDC210B-C825-46F6-B6D9-9BDD8B159AC2}
		{D2EDE3E8-30D0-46F3-8EB3-F1C8530DCF5C} = {D8873A5D-0370-477A-BA72-9E6A0008A8BD}
		{C16168B8-2BD4-4596-B981-4A3F2703F614} = {D8873A5D-0370-477A-BA72-9E6A0008A8BD}
		{BD6544C0-DE77-4CBB-825F-08B485161398} = {D8873A5D-0370-477A-BA72-9E6A0008A8BD}
		{05AD202B-FF8D-404E-83E1-AA0F97A6F588} = {D8873A5D-0370-477A-BA72-9E6A0008A8BD}
		{DF43F470-514A-4492-8EA1-5E1FE252F657} = {D2EDE3E8-30D0-46F3-8EB3-F1C8530DCF5C}
		{676480D8-0856-461C-B541-F6D462F44471} = {C16168B8-2BD4-4596-B981-4A3F2703F614}
		{19325985-D5FE-4F24-AA82-00FB4AC4652F} = {C16168B8-2BD4-4596-B981-4A3F2703F614}
		{136ACB8E-ADE7-4AE2-B440-F4454BF21B57} = {C16168B8-2BD4-4596-B981-4A3F2703F614}
		{7287AACE-EDF7-48FB-A880-735B72EC1EA9} = {C16168B8-2BD4-4596-B981-4A3F2703F614}
		{40E8A9BF-6B1E-4355-9372-87865210BF68} = {BD6544C0-DE77-4CBB-825F-08B485161398}
		{3E62DA0D-552C-43AA-B1D1-8C03A87E22C7} = {05AD202B-FF8D-404E-83E1-AA0F97A6F588}
	EndGlobalSection
EndGlobal
